
Microsoft Visual Studio Solution File, Format Version 12.00
# Visual Studio 14
VisualStudioVersion = 14.0.25123.0
MinimumVisualStudioVersion = 10.0.40219.1
Project("{FAE04EC0-301F-11D3-BF4B-00C04F79EFBC}") = "AdminApp", "AdminApp\AdminApp.csproj", "{56904FEA-0919-4BE3-B923-67517BC79F16}"
EndProject
Project("{FAE04EC0-301F-11D3-BF4B-00C04F79EFBC}") = "StudentApp", "StudentApp\StudentApp.csproj", "{FF82E334-0BF6-49C0-A62B-ACAA1FAFC042}"
EndProject
Project("{FAE04EC0-301F-11D3-BF4B-00C04F79EFBC}") = "Testverktyg", "Testverktyg\Testverktyg.csproj", "{194CDF02-B85F-4CC0-B8A1-653F77271DCA}"
EndProject
Project("{FAE04EC0-301F-11D3-BF4B-00C04F79EFBC}") = "Demo01 - WPF window spawning", "Demo01 - WPF window spawning\Demo01 - WPF window spawning.csproj", "{0AC04AD3-6E39-460C-ACCB-16177C8A0D91}"
EndProject
Project("{FAE04EC0-301F-11D3-BF4B-00C04F79EFBC}") = "Demo02 - Nested datatemplates", "Demo02 - Nested datatemplates\Demo02 - Nested datatemplates.csproj", "{689DC806-D5A1-4E8D-9269-BDC84BA31CDF}"
EndProject
Project("{FAE04EC0-301F-11D3-BF4B-00C04F79EFBC}") = "Demo03 - SPA with user controls", "Demo03 - SPA with user controls\Demo03 - SPA with user controls.csproj", "{9F43A590-CAED-4747-AE96-33F9A8464BF8}"
EndProject
Project("{FAE04EC0-301F-11D3-BF4B-00C04F79EFBC}") = "Demo04 - AppResources", "Demo04 - AppResources\Demo04 - AppResources.csproj", "{3531622C-4632-49FD-96C4-B08B9B32FC71}"
EndProject
Project("{FAE04EC0-301F-11D3-BF4B-00C04F79EFBC}") = "Demo05 - Login screen", "Demo05 - Login screen\Demo05 - Login screen.csproj", "{9EAEC262-4D3D-4DA1-B828-B730397C7023}"
EndProject
Project("{FAE04EC0-301F-11D3-BF4B-00C04F79EFBC}") = "Demo06 - WPF Frame navigation", "Demo06 - WPF Frame navigation\Demo06 - WPF Frame navigation.csproj", "{72CB097F-DC4B-458A-97ED-A3C25E0D78D8}"
EndProject
Global
	GlobalSection(SolutionConfigurationPlatforms) = preSolution
		Debug|Any CPU = Debug|Any CPU
		Release|Any CPU = Release|Any CPU
	EndGlobalSection
	GlobalSection(ProjectConfigurationPlatforms) = postSolution
		{56904FEA-0919-4BE3-B923-67517BC79F16}.Debug|Any CPU.ActiveCfg = Debug|Any CPU
		{56904FEA-0919-4BE3-B923-67517BC79F16}.Debug|Any CPU.Build.0 = Debug|Any CPU
		{56904FEA-0919-4BE3-B923-67517BC79F16}.Release|Any CPU.ActiveCfg = Release|Any CPU
		{56904FEA-0919-4BE3-B923-67517BC79F16}.Release|Any CPU.Build.0 = Release|Any CPU
		{FF82E334-0BF6-49C0-A62B-ACAA1FAFC042}.Debug|Any CPU.ActiveCfg = Debug|Any CPU
		{FF82E334-0BF6-49C0-A62B-ACAA1FAFC042}.Debug|Any CPU.Build.0 = Debug|Any CPU
		{FF82E334-0BF6-49C0-A62B-ACAA1FAFC042}.Release|Any CPU.ActiveCfg = Release|Any CPU
		{FF82E334-0BF6-49C0-A62B-ACAA1FAFC042}.Release|Any CPU.Build.0 = Release|Any CPU
		{194CDF02-B85F-4CC0-B8A1-653F77271DCA}.Debug|Any CPU.ActiveCfg = Debug|Any CPU
		{194CDF02-B85F-4CC0-B8A1-653F77271DCA}.Debug|Any CPU.Build.0 = Debug|Any CPU
		{194CDF02-B85F-4CC0-B8A1-653F77271DCA}.Release|Any CPU.ActiveCfg = Release|Any CPU
		{194CDF02-B85F-4CC0-B8A1-653F77271DCA}.Release|Any CPU.Build.0 = Release|Any CPU
		{0AC04AD3-6E39-460C-ACCB-16177C8A0D91}.Debug|Any CPU.ActiveCfg = Debug|Any CPU
		{0AC04AD3-6E39-460C-ACCB-16177C8A0D91}.Debug|Any CPU.Build.0 = Debug|Any CPU
		{0AC04AD3-6E39-460C-ACCB-16177C8A0D91}.Release|Any CPU.ActiveCfg = Release|Any CPU
		{0AC04AD3-6E39-460C-ACCB-16177C8A0D91}.Release|Any CPU.Build.0 = Release|Any CPU
		{689DC806-D5A1-4E8D-9269-BDC84BA31CDF}.Debug|Any CPU.ActiveCfg = Debug|Any CPU
		{689DC806-D5A1-4E8D-9269-BDC84BA31CDF}.Debug|Any CPU.Build.0 = Debug|Any CPU
		{689DC806-D5A1-4E8D-9269-BDC84BA31CDF}.Release|Any CPU.ActiveCfg = Release|Any CPU
		{689DC806-D5A1-4E8D-9269-BDC84BA31CDF}.Release|Any CPU.Build.0 = Release|Any CPU
		{9F43A590-CAED-4747-AE96-33F9A8464BF8}.Debug|Any CPU.ActiveCfg = Debug|Any CPU
		{9F43A590-CAED-4747-AE96-33F9A8464BF8}.Debug|Any CPU.Build.0 = Debug|Any CPU
		{9F43A590-CAED-4747-AE96-33F9A8464BF8}.Release|Any CPU.ActiveCfg = Release|Any CPU
		{9F43A590-CAED-4747-AE96-33F9A8464BF8}.Release|Any CPU.Build.0 = Release|Any CPU
		{3531622C-4632-49FD-96C4-B08B9B32FC71}.Debug|Any CPU.ActiveCfg = Debug|Any CPU
		{3531622C-4632-49FD-96C4-B08B9B32FC71}.Debug|Any CPU.Build.0 = Debug|Any CPU
		{3531622C-4632-49FD-96C4-B08B9B32FC71}.Release|Any CPU.ActiveCfg = Release|Any CPU
		{3531622C-4632-49FD-96C4-B08B9B32FC71}.Release|Any CPU.Build.0 = Release|Any CPU
		{9EAEC262-4D3D-4DA1-B828-B730397C7023}.Debug|Any CPU.ActiveCfg = Debug|Any CPU
		{9EAEC262-4D3D-4DA1-B828-B730397C7023}.Debug|Any CPU.Build.0 = Debug|Any CPU
		{9EAEC262-4D3D-4DA1-B828-B730397C7023}.Release|Any CPU.ActiveCfg = Release|Any CPU
		{9EAEC262-4D3D-4DA1-B828-B730397C7023}.Release|Any CPU.Build.0 = Release|Any CPU
		{72CB097F-DC4B-458A-97ED-A3C25E0D78D8}.Debug|Any CPU.ActiveCfg = Debug|Any CPU
		{72CB097F-DC4B-458A-97ED-A3C25E0D78D8}.Debug|Any CPU.Build.0 = Debug|Any CPU
		{72CB097F-DC4B-458A-97ED-A3C25E0D78D8}.Release|Any CPU.ActiveCfg = Release|Any CPU
		{72CB097F-DC4B-458A-97ED-A3C25E0D78D8}.Release|Any CPU.Build.0 = Release|Any CPU
	EndGlobalSection
	GlobalSection(SolutionProperties) = preSolution
		HideSolutionNode = FALSE
	EndGlobalSection
EndGlobal
